
Microsoft Visual Studio Solution File, Format Version 12.00
# Visual Studio 14
VisualStudioVersion = 14.0.24720.0
MinimumVisualStudioVersion = 10.0.40219.1
Project("{FAE04EC0-301F-11D3-BF4B-00C04F79EFBC}") = "Singleton", "Singleton\Singleton.csproj", "{E62405D3-B688-4F59-844B-13E67651B37E}"
EndProject
Project("{FAE04EC0-301F-11D3-BF4B-00C04F79EFBC}") = "Decorator", "Decorator\Decorator.csproj", "{7EC78B5B-1291-4996-96E1-AA45561861DD}"
EndProject
Project("{FAE04EC0-301F-11D3-BF4B-00C04F79EFBC}") = "Decorator2", "Decorator2\Decorator2.csproj", "{9C7286B6-B5D7-4452-ABCD-9BA1E1656159}"
EndProject
Project("{FAE04EC0-301F-11D3-BF4B-00C04F79EFBC}") = "ThreadAndTimer", "ThreadAndTimer\ThreadAndTimer.csproj", "{FB3EF5FA-3007-45F5-99A6-E2E8EB5141C4}"
EndProject
Global
	GlobalSection(SolutionConfigurationPlatforms) = preSolution
		Debug|Any CPU = Debug|Any CPU
		Release|Any CPU = Release|Any CPU
	EndGlobalSection
	GlobalSection(ProjectConfigurationPlatforms) = postSolution
		{E62405D3-B688-4F59-844B-13E67651B37E}.Debug|Any CPU.ActiveCfg = Debug|Any CPU
		{E62405D3-B688-4F59-844B-13E67651B37E}.Debug|Any CPU.Build.0 = Debug|Any CPU
		{E62405D3-B688-4F59-844B-13E67651B37E}.Release|Any CPU.ActiveCfg = Release|Any CPU
		{E62405D3-B688-4F59-844B-13E67651B37E}.Release|Any CPU.Build.0 = Release|Any CPU
		{7EC78B5B-1291-4996-96E1-AA45561861DD}.Debug|Any CPU.ActiveCfg = Debug|Any CPU
		{7EC78B5B-1291-4996-96E1-AA45561861DD}.Debug|Any CPU.Build.0 = Debug|Any CPU
		{7EC78B5B-1291-4996-96E1-AA45561861DD}.Release|Any CPU.ActiveCfg = Release|Any CPU
		{7EC78B5B-1291-4996-96E1-AA45561861DD}.Release|Any CPU.Build.0 = Release|Any CPU
		{9C7286B6-B5D7-4452-ABCD-9BA1E1656159}.Debug|Any CPU.ActiveCfg = Debug|Any CPU
		{9C7286B6-B5D7-4452-ABCD-9BA1E1656159}.Debug|Any CPU.Build.0 = Debug|Any CPU
		{9C7286B6-B5D7-4452-ABCD-9BA1E1656159}.Release|Any CPU.ActiveCfg = Release|Any CPU
		{9C7286B6-B5D7-4452-ABCD-9BA1E1656159}.Release|Any CPU.Build.0 = Release|Any CPU
		{FB3EF5FA-3007-45F5-99A6-E2E8EB5141C4}.Debug|Any CPU.ActiveCfg = Debug|Any CPU
		{FB3EF5FA-3007-45F5-99A6-E2E8EB5141C4}.Debug|Any CPU.Build.0 = Debug|Any CPU
		{FB3EF5FA-3007-45F5-99A6-E2E8EB5141C4}.Release|Any CPU.ActiveCfg = Release|Any CPU
		{FB3EF5FA-3007-45F5-99A6-E2E8EB5141C4}.Release|Any CPU.Build.0 = Release|Any CPU
	EndGlobalSection
	GlobalSection(SolutionProperties) = preSolution
		HideSolutionNode = FALSE
	EndGlobalSection
EndGlobal
